// !$*UTF8*$!
{
	archiveVersion = 1;
	classes = {
	};
	objectVersion = 51;
	objects = {

/* Begin PBXBuildFile section */
		6BE9088E7AE39F02144DFEFB /* Pods_Tinder.framework in Frameworks */ = {isa = PBXBuildFile; fileRef = 1F43C35033DD7CB1334719E8 /* Pods_Tinder.framework */; };
		B210CBE82484317C00ED883D /* LoginViewController.swift in Sources */ = {isa = PBXBuildFile; fileRef = B210CBE72484317C00ED883D /* LoginViewController.swift */; };
		B210CBEC24843DBF00ED883D /* UpdateViewController.swift in Sources */ = {isa = PBXBuildFile; fileRef = B210CBEB24843DBF00ED883D /* UpdateViewController.swift */; };
		B289825224831A0500287703 /* AppDelegate.swift in Sources */ = {isa = PBXBuildFile; fileRef = B289825124831A0500287703 /* AppDelegate.swift */; };
		B289825424831A0500287703 /* SceneDelegate.swift in Sources */ = {isa = PBXBuildFile; fileRef = B289825324831A0500287703 /* SceneDelegate.swift */; };
		B289825624831A0500287703 /* ViewController.swift in Sources */ = {isa = PBXBuildFile; fileRef = B289825524831A0500287703 /* ViewController.swift */; };
		B289825924831A0500287703 /* Main.storyboard in Resources */ = {isa = PBXBuildFile; fileRef = B289825724831A0500287703 /* Main.storyboard */; };
		B289825B24831A0700287703 /* Assets.xcassets in Resources */ = {isa = PBXBuildFile; fileRef = B289825A24831A0700287703 /* Assets.xcassets */; };
		B289825E24831A0700287703 /* LaunchScreen.storyboard in Resources */ = {isa = PBXBuildFile; fileRef = B289825C24831A0700287703 /* LaunchScreen.storyboard */; };
		B289826924831A0700287703 /* TinderTests.swift in Sources */ = {isa = PBXBuildFile; fileRef = B289826824831A0700287703 /* TinderTests.swift */; };
		B289827424831A0700287703 /* TinderUITests.swift in Sources */ = {isa = PBXBuildFile; fileRef = B289827324831A0700287703 /* TinderUITests.swift */; };
/* End PBXBuildFile section */

/* Begin PBXContainerItemProxy section */
		B289826524831A0700287703 /* PBXContainerItemProxy */ = {
			isa = PBXContainerItemProxy;
			containerPortal = B289824624831A0500287703 /* Project object */;
			proxyType = 1;
			remoteGlobalIDString = B289824D24831A0500287703;
			remoteInfo = Tinder;
		};
		B289827024831A0700287703 /* PBXContainerItemProxy */ = {
			isa = PBXContainerItemProxy;
			containerPortal = B289824624831A0500287703 /* Project object */;
			proxyType = 1;
			remoteGlobalIDString = B289824D24831A0500287703;
			remoteInfo = Tinder;
		};
/* End PBXContainerItemProxy section */

/* Begin PBXFileReference section */
		1F43C35033DD7CB1334719E8 /* Pods_Tinder.framework */ = {isa = PBXFileReference; explicitFileType = wrapper.framework; includeInIndex = 0; path = Pods_Tinder.framework; sourceTree = BUILT_PRODUCTS_DIR; };
		3B3F0C82DF1A2702A4558E6A /* Pods-Tinder.debug.xcconfig */ = {isa = PBXFileReference; includeInIndex = 1; lastKnownFileType = text.xcconfig; name = "Pods-Tinder.debug.xcconfig"; path = "Target Support Files/Pods-Tinder/Pods-Tinder.debug.xcconfig"; sourceTree = "<group>"; };
		8E68A75876FE6C9A9D11F0E4 /* Pods-Tinder.release.xcconfig */ = {isa = PBXFileReference; includeInIndex = 1; lastKnownFileType = text.xcconfig; name = "Pods-Tinder.release.xcconfig"; path = "Target Support Files/Pods-Tinder/Pods-Tinder.release.xcconfig"; sourceTree = "<group>"; };
		B210CBE72484317C00ED883D /* LoginViewController.swift */ = {isa = PBXFileReference; lastKnownFileType = sourcecode.swift; path = LoginViewController.swift; sourceTree = "<group>"; };
		B210CBEB24843DBF00ED883D /* UpdateViewController.swift */ = {isa = PBXFileReference; lastKnownFileType = sourcecode.swift; path = UpdateViewController.swift; sourceTree = "<group>"; };
		B289824E24831A0500287703 /* Tinder.app */ = {isa = PBXFileReference; explicitFileType = wrapper.application; includeInIndex = 0; path = Tinder.app; sourceTree = BUILT_PRODUCTS_DIR; };
		B289825124831A0500287703 /* AppDelegate.swift */ = {isa = PBXFileReference; lastKnownFileType = sourcecode.swift; path = AppDelegate.swift; sourceTree = "<group>"; };
		B289825324831A0500287703 /* SceneDelegate.swift */ = {isa = PBXFileReference; lastKnownFileType = sourcecode.swift; path = SceneDelegate.swift; sourceTree = "<group>"; };
		B289825524831A0500287703 /* ViewController.swift */ = {isa = PBXFileReference; lastKnownFileType = sourcecode.swift; path = ViewController.swift; sourceTree = "<group>"; };
		B289825824831A0500287703 /* Base */ = {isa = PBXFileReference; lastKnownFileType = file.storyboard; name = Base; path = Base.lproj/Main.storyboard; sourceTree = "<group>"; };
		B289825A24831A0700287703 /* Assets.xcassets */ = {isa = PBXFileReference; lastKnownFileType = folder.assetcatalog; path = Assets.xcassets; sourceTree = "<group>"; };
		B289825D24831A0700287703 /* Base */ = {isa = PBXFileReference; lastKnownFileType = file.storyboard; name = Base; path = Base.lproj/LaunchScreen.storyboard; sourceTree = "<group>"; };
		B289825F24831A0700287703 /* Info.plist */ = {isa = PBXFileReference; lastKnownFileType = text.plist.xml; path = Info.plist; sourceTree = "<group>"; };
		B289826424831A0700287703 /* TinderTests.xctest */ = {isa = PBXFileReference; explicitFileType = wrapper.cfbundle; includeInIndex = 0; path = TinderTests.xctest; sourceTree = BUILT_PRODUCTS_DIR; };
		B289826824831A0700287703 /* TinderTests.swift */ = {isa = PBXFileReference; lastKnownFileType = sourcecode.swift; path = TinderTests.swift; sourceTree = "<group>"; };
		B289826A24831A0700287703 /* Info.plist */ = {isa = PBXFileReference; lastKnownFileType = text.plist.xml; path = Info.plist; sourceTree = "<group>"; };
		B289826F24831A0700287703 /* TinderUITests.xctest */ = {isa = PBXFileReference; explicitFileType = wrapper.cfbundle; includeInIndex = 0; path = TinderUITests.xctest; sourceTree = BUILT_PRODUCTS_DIR; };
		B289827324831A0700287703 /* TinderUITests.swift */ = {isa = PBXFileReference; lastKnownFileType = sourcecode.swift; path = TinderUITests.swift; sourceTree = "<group>"; };
		B289827524831A0700287703 /* Info.plist */ = {isa = PBXFileReference; lastKnownFileType = text.plist.xml; path = Info.plist; sourceTree = "<group>"; };
/* End PBXFileReference section */

/* Begin PBXFrameworksBuildPhase section */
		B289824B24831A0500287703 /* Frameworks */ = {
			isa = PBXFrameworksBuildPhase;
			buildActionMask = 2147483647;
			files = (
				6BE9088E7AE39F02144DFEFB /* Pods_Tinder.framework in Frameworks */,
			);
			runOnlyForDeploymentPostprocessing = 0;
		};
		B289826124831A0700287703 /* Frameworks */ = {
			isa = PBXFrameworksBuildPhase;
			buildActionMask = 2147483647;
			files = (
			);
			runOnlyForDeploymentPostprocessing = 0;
		};
		B289826C24831A0700287703 /* Frameworks */ = {
			isa = PBXFrameworksBuildPhase;
			buildActionMask = 2147483647;
			files = (
			);
			runOnlyForDeploymentPostprocessing = 0;
		};
/* End PBXFrameworksBuildPhase section */

/* Begin PBXGroup section */
		59068BEF4135BDB4699EB1FE /* Frameworks */ = {
			isa = PBXGroup;
			children = (
				1F43C35033DD7CB1334719E8 /* Pods_Tinder.framework */,
			);
			name = Frameworks;
			sourceTree = "<group>";
		};
		771C433F6A82CAF6CF5EE039 /* Pods */ = {
			isa = PBXGroup;
			children = (
				3B3F0C82DF1A2702A4558E6A /* Pods-Tinder.debug.xcconfig */,
				8E68A75876FE6C9A9D11F0E4 /* Pods-Tinder.release.xcconfig */,
			);
			path = Pods;
			sourceTree = "<group>";
		};
		B289824524831A0500287703 = {
			isa = PBXGroup;
			children = (
				B289825024831A0500287703 /* Tinder */,
				B289826724831A0700287703 /* TinderTests */,
				B289827224831A0700287703 /* TinderUITests */,
				B289824F24831A0500287703 /* Products */,
				771C433F6A82CAF6CF5EE039 /* Pods */,
				59068BEF4135BDB4699EB1FE /* Frameworks */,
			);
			sourceTree = "<group>";
		};
		B289824F24831A0500287703 /* Products */ = {
			isa = PBXGroup;
			children = (
				B289824E24831A0500287703 /* Tinder.app */,
				B289826424831A0700287703 /* TinderTests.xctest */,
				B289826F24831A0700287703 /* TinderUITests.xctest */,
			);
			name = Products;
			sourceTree = "<group>";
		};
		B289825024831A0500287703 /* Tinder */ = {
			isa = PBXGroup;
			children = (
				B289825124831A0500287703 /* AppDelegate.swift */,
				B289825324831A0500287703 /* SceneDelegate.swift */,
				B289825524831A0500287703 /* ViewController.swift */,
				B289825724831A0500287703 /* Main.storyboard */,
				B210CBEB24843DBF00ED883D /* UpdateViewController.swift */,
				B210CBE72484317C00ED883D /* LoginViewController.swift */,
				B289825A24831A0700287703 /* Assets.xcassets */,
				B289825C24831A0700287703 /* LaunchScreen.storyboard */,
				B289825F24831A0700287703 /* Info.plist */,
			);
			path = Tinder;
			sourceTree = "<group>";
		};
		B289826724831A0700287703 /* TinderTests */ = {
			isa = PBXGroup;
			children = (
				B289826824831A0700287703 /* TinderTests.swift */,
				B289826A24831A0700287703 /* Info.plist */,
			);
			path = TinderTests;
			sourceTree = "<group>";
		};
		B289827224831A0700287703 /* TinderUITests */ = {
			isa = PBXGroup;
			children = (
				B289827324831A0700287703 /* TinderUITests.swift */,
				B289827524831A0700287703 /* Info.plist */,
			);
			path = TinderUITests;
			sourceTree = "<group>";
		};
/* End PBXGroup section */

/* Begin PBXNativeTarget section */
		B289824D24831A0500287703 /* Tinder */ = {
			isa = PBXNativeTarget;
			buildConfigurationList = B289827824831A0700287703 /* Build configuration list for PBXNativeTarget "Tinder" */;
			buildPhases = (
				5B9C54B39F384A55046D1C53 /* [CP] Check Pods Manifest.lock */,
				B289824A24831A0500287703 /* Sources */,
				B289824B24831A0500287703 /* Frameworks */,
				B289824C24831A0500287703 /* Resources */,
				819DEC8FEDA8C334457A740C /* [CP] Embed Pods Frameworks */,
			);
			buildRules = (
			);
			dependencies = (
			);
			name = Tinder;
			productName = Tinder;
			productReference = B289824E24831A0500287703 /* Tinder.app */;
			productType = "com.apple.product-type.application";
		};
		B289826324831A0700287703 /* TinderTests */ = {
			isa = PBXNativeTarget;
			buildConfigurationList = B289827B24831A0700287703 /* Build configuration list for PBXNativeTarget "TinderTests" */;
			buildPhases = (
				B289826024831A0700287703 /* Sources */,
				B289826124831A0700287703 /* Frameworks */,
				B289826224831A0700287703 /* Resources */,
			);
			buildRules = (
			);
			dependencies = (
				B289826624831A0700287703 /* PBXTargetDependency */,
			);
			name = TinderTests;
			productName = TinderTests;
			productReference = B289826424831A0700287703 /* TinderTests.xctest */;
			productType = "com.apple.product-type.bundle.unit-test";
		};
		B289826E24831A0700287703 /* TinderUITests */ = {
			isa = PBXNativeTarget;
			buildConfigurationList = B289827E24831A0700287703 /* Build configuration list for PBXNativeTarget "TinderUITests" */;
			buildPhases = (
				B289826B24831A0700287703 /* Sources */,
				B289826C24831A0700287703 /* Frameworks */,
				B289826D24831A0700287703 /* Resources */,
			);
			buildRules = (
			);
			dependencies = (
				B289827124831A0700287703 /* PBXTargetDependency */,
			);
			name = TinderUITests;
			productName = TinderUITests;
			productReference = B289826F24831A0700287703 /* TinderUITests.xctest */;
			productType = "com.apple.product-type.bundle.ui-testing";
		};
/* End PBXNativeTarget section */

/* Begin PBXProject section */
		B289824624831A0500287703 /* Project object */ = {
			isa = PBXProject;
			attributes = {
				LastSwiftUpdateCheck = 1140;
				LastUpgradeCheck = 1140;
				ORGANIZATIONNAME = "Partha Sarathy";
				TargetAttributes = {
					B289824D24831A0500287703 = {
						CreatedOnToolsVersion = 11.4.1;
					};
					B289826324831A0700287703 = {
						CreatedOnToolsVersion = 11.4.1;
						TestTargetID = B289824D24831A0500287703;
					};
					B289826E24831A0700287703 = {
						CreatedOnToolsVersion = 11.4.1;
						TestTargetID = B289824D24831A0500287703;
					};
				};
			};
			buildConfigurationList = B289824924831A0500287703 /* Build configuration list for PBXProject "Tinder" */;
			compatibilityVersion = "Xcode 9.3";
			developmentRegion = en;
			hasScannedForEncodings = 0;
			knownRegions = (
				en,
				Base,
			);
			mainGroup = B289824524831A0500287703;
			productRefGroup = B289824F24831A0500287703 /* Products */;
			projectDirPath = "";
			projectRoot = "";
			targets = (
				B289824D24831A0500287703 /* Tinder */,
				B289826324831A0700287703 /* TinderTests */,
				B289826E24831A0700287703 /* TinderUITests */,
			);
		};
/* End PBXProject section */

/* Begin PBXResourcesBuildPhase section */
		B289824C24831A0500287703 /* Resources */ = {
			isa = PBXResourcesBuildPhase;
			buildActionMask = 2147483647;
			files = (
				B289825E24831A0700287703 /* LaunchScreen.storyboard in Resources */,
				B289825B24831A0700287703 /* Assets.xcassets in Resources */,
				B289825924831A0500287703 /* Main.storyboard in Resources */,
			);
			runOnlyForDeploymentPostprocessing = 0;
		};
		B289826224831A0700287703 /* Resources */ = {
			isa = PBXResourcesBuildPhase;
			buildActionMask = 2147483647;
			files = (
			);
			runOnlyForDeploymentPostprocessing = 0;
		};
		B289826D24831A0700287703 /* Resources */ = {
			isa = PBXResourcesBuildPhase;
			buildActionMask = 2147483647;
			files = (
			);
			runOnlyForDeploymentPostprocessing = 0;
		};
/* End PBXResourcesBuildPhase section */

/* Begin PBXShellScriptBuildPhase section */
		5B9C54B39F384A55046D1C53 /* [CP] Check Pods Manifest.lock */ = {
			isa = PBXShellScriptBuildPhase;
			buildActionMask = 2147483647;
			files = (
			);
			inputFileListPaths = (
			);
			inputPaths = (
				"${PODS_PODFILE_DIR_PATH}/Podfile.lock",
				"${PODS_ROOT}/Manifest.lock",
			);
			name = "[CP] Check Pods Manifest.lock";
			outputFileListPaths = (
			);
			outputPaths = (
				"$(DERIVED_FILE_DIR)/Pods-Tinder-checkManifestLockResult.txt",
			);
			runOnlyForDeploymentPostprocessing = 0;
			shellPath = /bin/sh;
			shellScript = "diff \"${PODS_PODFILE_DIR_PATH}/Podfile.lock\" \"${PODS_ROOT}/Manifest.lock\" > /dev/null\nif [ $? != 0 ] ; then\n    # print error to STDERR\n    echo \"error: The sandbox is not in sync with the Podfile.lock. Run 'pod install' or update your CocoaPods installation.\" >&2\n    exit 1\nfi\n# This output is used by Xcode 'outputs' to avoid re-running this script phase.\necho \"SUCCESS\" > \"${SCRIPT_OUTPUT_FILE_0}\"\n";
			showEnvVarsInLog = 0;
		};
		819DEC8FEDA8C334457A740C /* [CP] Embed Pods Frameworks */ = {
			isa = PBXShellScriptBuildPhase;
			buildActionMask = 2147483647;
			files = (
			);
			inputFileListPaths = (
				"${PODS_ROOT}/Target Support Files/Pods-Tinder/Pods-Tinder-frameworks-${CONFIGURATION}-input-files.xcfilelist",
			);
			name = "[CP] Embed Pods Frameworks";
			outputFileListPaths = (
				"${PODS_ROOT}/Target Support Files/Pods-Tinder/Pods-Tinder-frameworks-${CONFIGURATION}-output-files.xcfilelist",
			);
			runOnlyForDeploymentPostprocessing = 0;
			shellPath = /bin/sh;
			shellScript = "\"${PODS_ROOT}/Target Support Files/Pods-Tinder/Pods-Tinder-frameworks.sh\"\n";
			showEnvVarsInLog = 0;
		};
/* End PBXShellScriptBuildPhase section */

/* Begin PBXSourcesBuildPhase section */
		B289824A24831A0500287703 /* Sources */ = {
			isa = PBXSourcesBuildPhase;
			buildActionMask = 2147483647;
			files = (
				B210CBE82484317C00ED883D /* LoginViewController.swift in Sources */,
				B289825624831A0500287703 /* ViewController.swift in Sources */,
				B289825224831A0500287703 /* AppDelegate.swift in Sources */,
				B289825424831A0500287703 /* SceneDelegate.swift in Sources */,
				B210CBEC24843DBF00ED883D /* UpdateViewController.swift in Sources */,
			);
			runOnlyForDeploymentPostprocessing = 0;
		};
		B289826024831A0700287703 /* Sources */ = {
			isa = PBXSourcesBuildPhase;
			buildActionMask = 2147483647;
			files = (
				B289826924831A0700287703 /* TinderTests.swift in Sources */,
			);
			runOnlyForDeploymentPostprocessing = 0;
		};
		B289826B24831A0700287703 /* Sources */ = {
			isa = PBXSourcesBuildPhase;
			buildActionMask = 2147483647;
			files = (
				B289827424831A0700287703 /* TinderUITests.swift in Sources */,
			);
			runOnlyForDeploymentPostprocessing = 0;
		};
/* End PBXSourcesBuildPhase section */

/* Begin PBXTargetDependency section */
		B289826624831A0700287703 /* PBXTargetDependency */ = {
			isa = PBXTargetDependency;
			target = B289824D24831A0500287703 /* Tinder */;
			targetProxy = B289826524831A0700287703 /* PBXContainerItemProxy */;
		};
		B289827124831A0700287703 /* PBXTargetDependency */ = {
			isa = PBXTargetDependency;
			target = B289824D24831A0500287703 /* Tinder */;
			targetProxy = B289827024831A0700287703 /* PBXContainerItemProxy */;
		};
/* End PBXTargetDependency section */

/* Begin PBXVariantGroup section */
		B289825724831A0500287703 /* Main.storyboard */ = {
			isa = PBXVariantGroup;
			children = (
				B289825824831A0500287703 /* Base */,
			);
			name = Main.storyboard;
			sourceTree = "<group>";
		};
		B289825C24831A0700287703 /* LaunchScreen.storyboard */ = {
			isa = PBXVariantGroup;
			children = (
				B289825D24831A0700287703 /* Base */,
			);
			name = LaunchScreen.storyboard;
			sourceTree = "<group>";
		};
/* End PBXVariantGroup section */

/* Begin XCBuildConfiguration section */
		B289827624831A0700287703 /* Debug */ = {
			isa = XCBuildConfiguration;
			buildSettings = {
				ALWAYS_SEARCH_USER_PATHS = NO;
				CLANG_ANALYZER_NONNULL = YES;
				CLANG_ANALYZER_NUMBER_OBJECT_CONVERSION = YES_AGGRESSIVE;
				CLANG_CXX_LANGUAGE_STANDARD = "gnu++14";
				CLANG_CXX_LIBRARY = "libc++";
				CLANG_ENABLE_MODULES = YES;
				CLANG_ENABLE_OBJC_ARC = YES;
				CLANG_ENABLE_OBJC_WEAK = YES;
				CLANG_WARN_BLOCK_CAPTURE_AUTORELEASING = YES;
				CLANG_WARN_BOOL_CONVERSION = YES;
				CLANG_WARN_COMMA = YES;
				CLANG_WARN_CONSTANT_CONVERSION = YES;
				CLANG_WARN_DEPRECATED_OBJC_IMPLEMENTATIONS = YES;
				CLANG_WARN_DIRECT_OBJC_ISA_USAGE = YES_ERROR;
				CLANG_WARN_DOCUMENTATION_COMMENTS = YES;
				CLANG_WARN_EMPTY_BODY = YES;
				CLANG_WARN_ENUM_CONVERSION = YES;
				CLANG_WARN_INFINITE_RECURSION = YES;
				CLANG_WARN_INT_CONVERSION = YES;
				CLANG_WARN_NON_LITERAL_NULL_CONVERSION = YES;
				CLANG_WARN_OBJC_IMPLICIT_RETAIN_SELF = YES;
				CLANG_WARN_OBJC_LITERAL_CONVERSION = YES;
				CLANG_WARN_OBJC_ROOT_CLASS = YES_ERROR;
				CLANG_WARN_RANGE_LOOP_ANALYSIS = YES;
				CLANG_WARN_STRICT_PROTOTYPES = YES;
				CLANG_WARN_SUSPICIOUS_MOVE = YES;
				CLANG_WARN_UNGUARDED_AVAILABILITY = YES_AGGRESSIVE;
				CLANG_WARN_UNREACHABLE_CODE = YES;
				CLANG_WARN__DUPLICATE_METHOD_MATCH = YES;
				COPY_PHASE_STRIP = NO;
				DEBUG_INFORMATION_FORMAT = dwarf;
				ENABLE_STRICT_OBJC_MSGSEND = YES;
				ENABLE_TESTABILITY = YES;
				GCC_C_LANGUAGE_STANDARD = gnu11;
				GCC_DYNAMIC_NO_PIC = NO;
				GCC_NO_COMMON_BLOCKS = YES;
				GCC_OPTIMIZATION_LEVEL = 0;
				GCC_PREPROCESSOR_DEFINITIONS = (
					"DEBUG=1",
					"$(inherited)",
				);
				GCC_WARN_64_TO_32_BIT_CONVERSION = YES;
				GCC_WARN_ABOUT_RETURN_TYPE = YES_ERROR;
				GCC_WARN_UNDECLARED_SELECTOR = YES;
				GCC_WARN_UNINITIALIZED_AUTOS = YES_AGGRESSIVE;
				GCC_WARN_UNUSED_FUNCTION = YES;
				GCC_WARN_UNUSED_VARIABLE = YES;
				IPHONEOS_DEPLOYMENT_TARGET = 13.4;
				MTL_ENABLE_DEBUG_INFO = INCLUDE_SOURCE;
				MTL_FAST_MATH = YES;
				ONLY_ACTIVE_ARCH = YES;
				SDKROOT = iphoneos;
				SWIFT_ACTIVE_COMPILATION_CONDITIONS = DEBUG;
				SWIFT_OPTIMIZATION_LEVEL = "-Onone";
			};
			name = Debug;
		};
		B289827724831A0700287703 /* Release */ = {
			isa = XCBuildConfiguration;
			buildSettings = {
				ALWAYS_SEARCH_USER_PATHS = NO;
				CLANG_ANALYZER_NONNULL = YES;
				CLANG_ANALYZER_NUMBER_OBJECT_CONVERSION = YES_AGGRESSIVE;
				CLANG_CXX_LANGUAGE_STANDARD = "gnu++14";
				CLANG_CXX_LIBRARY = "libc++";
				CLANG_ENABLE_MODULES = YES;
				CLANG_ENABLE_OBJC_ARC = YES;
				CLANG_ENABLE_OBJC_WEAK = YES;
				CLANG_WARN_BLOCK_CAPTURE_AUTORELEASING = YES;
				CLANG_WARN_BOOL_CONVERSION = YES;
				CLANG_WARN_COMMA = YES;
				CLANG_WARN_CONSTANT_CONVERSION = YES;
				CLANG_WARN_DEPRECATED_OBJC_IMPLEMENTATIONS = YES;
				CLANG_WARN_DIRECT_OBJC_ISA_USAGE = YES_ERROR;
				CLANG_WARN_DOCUMENTATION_COMMENTS = YES;
				CLANG_WARN_EMPTY_BODY = YES;
				CLANG_WARN_ENUM_CONVERSION = YES;
				CLANG_WARN_INFINITE_RECURSION = YES;
				CLANG_WARN_INT_CONVERSION = YES;
				CLANG_WARN_NON_LITERAL_NULL_CONVERSION = YES;
				CLANG_WARN_OBJC_IMPLICIT_RETAIN_SELF = YES;
				CLANG_WARN_OBJC_LITERAL_CONVERSION = YES;
				CLANG_WARN_OBJC_ROOT_CLASS = YES_ERROR;
				CLANG_WARN_RANGE_LOOP_ANALYSIS = YES;
				CLANG_WARN_STRICT_PROTOTYPES = YES;
				CLANG_WARN_SUSPICIOUS_MOVE = YES;
				CLANG_WARN_UNGUARDED_AVAILABILITY = YES_AGGRESSIVE;
				CLANG_WARN_UNREACHABLE_CODE = YES;
				CLANG_WARN__DUPLICATE_METHOD_MATCH = YES;
				COPY_PHASE_STRIP = NO;
				DEBUG_INFORMATION_FORMAT = "dwarf-with-dsym";
				ENABLE_NS_ASSERTIONS = NO;
				ENABLE_STRICT_OBJC_MSGSEND = YES;
				GCC_C_LANGUAGE_STANDARD = gnu11;
				GCC_NO_COMMON_BLOCKS = YES;
				GCC_WARN_64_TO_32_BIT_CONVERSION = YES;
				GCC_WARN_ABOUT_RETURN_TYPE = YES_ERROR;
				GCC_WARN_UNDECLARED_SELECTOR = YES;
				GCC_WARN_UNINITIALIZED_AUTOS = YES_AGGRESSIVE;
				GCC_WARN_UNUSED_FUNCTION = YES;
				GCC_WARN_UNUSED_VARIABLE = YES;
				IPHONEOS_DEPLOYMENT_TARGET = 13.4;
				MTL_ENABLE_DEBUG_INFO = NO;
				MTL_FAST_MATH = YES;
				SDKROOT = iphoneos;
				SWIFT_COMPILATION_MODE = wholemodule;
				SWIFT_OPTIMIZATION_LEVEL = "-O";
				VALIDATE_PRODUCT = YES;
			};
			name = Release;
		};
		B289827924831A0700287703 /* Debug */ = {
			isa = XCBuildConfiguration;
			baseConfigurationReference = 3B3F0C82DF1A2702A4558E6A /* Pods-Tinder.debug.xcconfig */;
			buildSettings = {
				ASSETCATALOG_COMPILER_APPICON_NAME = AppIcon;
				CODE_SIGN_STYLE = Automatic;
				DEVELOPMENT_TEAM = 5LM4V5K574;
				INFOPLIST_FILE = Tinder/Info.plist;
				LD_RUNPATH_SEARCH_PATHS = (
					"$(inherited)",
					"@executable_path/Frameworks",
				);
				PRODUCT_BUNDLE_IDENTIFIER = Partha.Tinder;
				PRODUCT_NAME = "$(TARGET_NAME)";
				SWIFT_VERSION = 5.0;
				TARGETED_DEVICE_FAMILY = "1,2";
			};
			name = Debug;
		};
		B289827A24831A0700287703 /* Release */ = {
			isa = XCBuildConfiguration;
			baseConfigurationReference = 8E68A75876FE6C9A9D11F0E4 /* Pods-Tinder.release.xcconfig */;
			buildSettings = {
				ASSETCATALOG_COMPILER_APPICON_NAME = AppIcon;
				CODE_SIGN_STYLE = Automatic;
				DEVELOPMENT_TEAM = 5LM4V5K574;
				INFOPLIST_FILE = Tinder/Info.plist;
				LD_RUNPATH_SEARCH_PATHS = (
					"$(inherited)",
					"@executable_path/Frameworks",
				);
				PRODUCT_BUNDLE_IDENTIFIER = Partha.Tinder;
				PRODUCT_NAME = "$(TARGET_NAME)";
				SWIFT_VERSION = 5.0;
				TARGETED_DEVICE_FAMILY = "1,2";
			};
			name = Release;
		};
		B289827C24831A0700287703 /* Debug */ = {
			isa = XCBuildConfiguration;
			buildSettings = {
				ALWAYS_EMBED_SWIFT_STANDARD_LIBRARIES = YES;
				BUNDLE_LOADER = "$(TEST_HOST)";
				CODE_SIGN_STYLE = Automatic;
				DEVELOPMENT_TEAM = 5LM4V5K574;
				INFOPLIST_FILE = TinderTests/Info.plist;
				IPHONEOS_DEPLOYMENT_TARGET = 13.4;
				LD_RUNPATH_SEARCH_PATHS = (
					"$(inherited)",
					"@executable_path/Frameworks",
					"@loader_path/Frameworks",
				);
				PRODUCT_BUNDLE_IDENTIFIER = Partha.TinderTests;
				PRODUCT_NAME = "$(TARGET_NAME)";
				SWIFT_VERSION = 5.0;
				TARGETED_DEVICE_FAMILY = "1,2";
				TEST_HOST = "$(BUILT_PRODUCTS_DIR)/Tinder.app/Tinder";
			};
			name = Debug;
		};
		B289827D24831A0700287703 /* Release */ = {
			isa = XCBuildConfiguration;
			buildSettings = {
				ALWAYS_EMBED_SWIFT_STANDARD_LIBRARIES = YES;
				BUNDLE_LOADER = "$(TEST_HOST)";
				CODE_SIGN_STYLE = Automatic;
				DEVELOPMENT_TEAM = 5LM4V5K574;
				INFOPLIST_FILE = TinderTests/Info.plist;
				IPHONEOS_DEPLOYMENT_TARGET = 13.4;
				LD_RUNPATH_SEARCH_PATHS = (
					"$(inherited)",
					"@executable_path/Frameworks",
					"@loader_path/Frameworks",
				);
				PRODUCT_BUNDLE_IDENTIFIER = Partha.TinderTests;
				PRODUCT_NAME = "$(TARGET_NAME)";
				SWIFT_VERSION = 5.0;
				TARGETED_DEVICE_FAMILY = "1,2";
				TEST_HOST = "$(BUILT_PRODUCTS_DIR)/Tinder.app/Tinder";
			};
			name = Release;
		};
		B289827F24831A0700287703 /* Debug */ = {
			isa = XCBuildConfiguration;
			buildSettings = {
				ALWAYS_EMBED_SWIFT_STANDARD_LIBRARIES = YES;
				CODE_SIGN_STYLE = Automatic;
				DEVELOPMENT_TEAM = 5LM4V5K574;
				INFOPLIST_FILE = TinderUITests/Info.plist;
				LD_RUNPATH_SEARCH_PATHS = (
					"$(inherited)",
					"@executable_path/Frameworks",
					"@loader_path/Frameworks",
				);
				PRODUCT_BUNDLE_IDENTIFIER = Partha.TinderUITests;
				PRODUCT_NAME = "$(TARGET_NAME)";
				SWIFT_VERSION = 5.0;
				TARGETED_DEVICE_FAMILY = "1,2";
				TEST_TARGET_NAME = Tinder;
			};
			name = Debug;
		};
		B289828024831A0700287703 /* Release */ = {
			isa = XCBuildConfiguration;
			buildSettings = {
				ALWAYS_EMBED_SWIFT_STANDARD_LIBRARIES = YES;
				CODE_SIGN_STYLE = Automatic;
				DEVELOPMENT_TEAM = 5LM4V5K574;
				INFOPLIST_FILE = TinderUITests/Info.plist;
				LD_RUNPATH_SEARCH_PATHS = (
					"$(inherited)",
					"@executable_path/Frameworks",
					"@loader_path/Frameworks",
				);
				PRODUCT_BUNDLE_IDENTIFIER = Partha.TinderUITests;
				PRODUCT_NAME = "$(TARGET_NAME)";
				SWIFT_VERSION = 5.0;
				TARGETED_DEVICE_FAMILY = "1,2";
				TEST_TARGET_NAME = Tinder;
			};
			name = Release;
		};
/* End XCBuildConfiguration section */

/* Begin XCConfigurationList section */
		B289824924831A0500287703 /* Build configuration list for PBXProject "Tinder" */ = {
			isa = XCConfigurationList;
			buildConfigurations = (
				B289827624831A0700287703 /* Debug */,
				B289827724831A0700287703 /* Release */,
			);
			defaultConfigurationIsVisible = 0;
			defaultConfigurationName = Release;
		};
		B289827824831A0700287703 /* Build configuration list for PBXNativeTarget "Tinder" */ = {
			isa = XCConfigurationList;
			buildConfigurations = (
				B289827924831A0700287703 /* Debug */,
				B289827A24831A0700287703 /* Release */,
			);
			defaultConfigurationIsVisible = 0;
			defaultConfigurationName = Release;
		};
		B289827B24831A0700287703 /* Build configuration list for PBXNativeTarget "TinderTests" */ = {
			isa = XCConfigurationList;
			buildConfigurations = (
				B289827C24831A0700287703 /* Debug */,
				B289827D24831A0700287703 /* Release */,
			);
			defaultConfigurationIsVisible = 0;
			defaultConfigurationName = Release;
		};
		B289827E24831A0700287703 /* Build configuration list for PBXNativeTarget "TinderUITests" */ = {
			isa = XCConfigurationList;
			buildConfigurations = (
				B289827F24831A0700287703 /* Debug */,
				B289828024831A0700287703 /* Release */,
			);
			defaultConfigurationIsVisible = 0;
			defaultConfigurationName = Release;
		};
/* End XCConfigurationList section */
	};
	rootObject = B289824624831A0500287703 /* Project object */;
}
